Microsoft Visual Studio Solution File, Format Version 12.00
# Visual Studio Version 17
VisualStudioVersion = 17.5.2.0
MinimumVisualStudioVersion = 10.0.40219.1
Project("{2150E333-8FDC-42A3-9474-1A3956D46DE8}") = "dotnet-tests", "dotnet-tests", "{252ED7BD-876A-9E35-4CCE-7902CCAF451F}"
EndProject
Project("{FAE04EC0-301F-11D3-BF4B-00C04F79EFBC}") = "POCTests", "dotnet-tests\POCTests\POCTests.csproj", "{932159B5-2ACB-D115-4F00-607F13D33235}"
EndProject
Global
	GlobalSection(SolutionConfigurationPlatforms) = preSolution
		Debug|Any CPU = Debug|Any CPU
		Release|Any CPU = Release|Any CPU
	EndGlobalSection
	GlobalSection(ProjectConfigurationPlatforms) = postSolution
		{932159B5-2ACB-D115-4F00-607F13D33235}.Debug|Any CPU.ActiveCfg = Debug|Any CPU
		{932159B5-2ACB-D115-4F00-607F13D33235}.Debug|Any CPU.Build.0 = Debug|Any CPU
		{932159B5-2ACB-D115-4F00-607F13D33235}.Release|Any CPU.ActiveCfg = Release|Any CPU
		{932159B5-2ACB-D115-4F00-607F13D33235}.Release|Any CPU.Build.0 = Release|Any CPU
	EndGlobalSection
	GlobalSection(SolutionProperties) = preSolution
		HideSolutionNode = FALSE
	EndGlobalSection
	GlobalSection(NestedProjects) = preSolution
		{932159B5-2ACB-D115-4F00-607F13D33235} = {252ED7BD-876A-9E35-4CCE-7902CCAF451F}
	EndGlobalSection
	GlobalSection(ExtensibilityGlobals) = postSolution
		SolutionGuid = {5873F33E-F1CA-4B4E-BE02-AB8A0425AE39}
	EndGlobalSection
EndGlobal
